
Microsoft Visual Studio Solution File, Format Version 12.00
# Visual Studio 15
VisualStudioVersion = 15.0.27703.2035
MinimumVisualStudioVersion = 10.0.40219.1
Project("{FAE04EC0-301F-11D3-BF4B-00C04F79EFBC}") = "WpfApp1", "WpfApp1\WpfApp1.csproj", "{251B9961-169F-4BD1-A4A0-893E330F2F20}"
EndProject
Global
	GlobalSection(SolutionConfigurationPlatforms) = preSolution
		Debug|Any CPU = Debug|Any CPU
		Release|Any CPU = Release|Any CPU
	EndGlobalSection
	GlobalSection(ProjectConfigurationPlatforms) = postSolution
		{251B9961-169F-4BD1-A4A0-893E330F2F20}.Debug|Any CPU.ActiveCfg = Debug|Any CPU
		{251B9961-169F-4BD1-A4A0-893E330F2F20}.Debug|Any CPU.Build.0 = Debug|Any CPU
		{251B9961-169F-4BD1-A4A0-893E330F2F20}.Release|Any CPU.ActiveCfg = Release|Any CPU
		{251B9961-169F-4BD1-A4A0-893E330F2F20}.Release|Any CPU.Build.0 = Release|Any CPU
	EndGlobalSection
	GlobalSection(SolutionProperties) = preSolution
		HideSolutionNode = FALSE
	EndGlobalSection
	GlobalSection(ExtensibilityGlobals) = postSolution
		SolutionGuid = {972BB931-D7EF-4954-B215-087F2160D5A9}
	EndGlobalSection
EndGlobal
